
Microsoft Visual Studio Solution File, Format Version 12.00
# Visual Studio 14
VisualStudioVersion = 14.0.25420.1
MinimumVisualStudioVersion = 10.0.40219.1
Project("{FAE04EC0-301F-11D3-BF4B-00C04F79EFBC}") = "Landmark.API", "Landmark.API\Landmark.API.csproj", "{76DD311F-92D9-4C60-82AC-34A30E9B4CC5}"
EndProject
Project("{FAE04EC0-301F-11D3-BF4B-00C04F79EFBC}") = "Landmark.API.Tests", "Landmark.API.Tests\Landmark.API.Tests.csproj", "{EB5B9179-5981-4232-9685-7EAA3889FCFF}"
EndProject
Project("{E24C65DC-7377-472B-9ABA-BC803B73C61A}") = "Landmark.UI", "Landmark.UI\", "{17167123-9ACE-4763-92D8-7E72A360B11A}"
	ProjectSection(WebsiteProperties) = preProject
		TargetFrameworkMoniker = ".NETFramework,Version%3Dv4.0"
		Debug.AspNetCompiler.VirtualPath = "/localhost_58635"
		Debug.AspNetCompiler.PhysicalPath = "Landmark.UI\"
		Debug.AspNetCompiler.TargetPath = "PrecompiledWeb\localhost_58635\"
		Debug.AspNetCompiler.Updateable = "true"
		Debug.AspNetCompiler.ForceOverwrite = "true"
		Debug.AspNetCompiler.FixedNames = "false"
		Debug.AspNetCompiler.Debug = "True"
		Release.AspNetCompiler.VirtualPath = "/localhost_58635"
		Release.AspNetCompiler.PhysicalPath = "Landmark.UI\"
		Release.AspNetCompiler.TargetPath = "PrecompiledWeb\localhost_58635\"
		Release.AspNetCompiler.Updateable = "true"
		Release.AspNetCompiler.ForceOverwrite = "true"
		Release.AspNetCompiler.FixedNames = "false"
		Release.AspNetCompiler.Debug = "False"
		VWDPort = "58635"
		SlnRelativePath = "Landmark.UI\"
	EndProjectSection
EndProject
Global
	GlobalSection(SolutionConfigurationPlatforms) = preSolution
		Debug|Any CPU = Debug|Any CPU
		Release|Any CPU = Release|Any CPU
	EndGlobalSection
	GlobalSection(ProjectConfigurationPlatforms) = postSolution
		{76DD311F-92D9-4C60-82AC-34A30E9B4CC5}.Debug|Any CPU.ActiveCfg = Debug|Any CPU
		{76DD311F-92D9-4C60-82AC-34A30E9B4CC5}.Debug|Any CPU.Build.0 = Debug|Any CPU
		{76DD311F-92D9-4C60-82AC-34A30E9B4CC5}.Release|Any CPU.ActiveCfg = Release|Any CPU
		{76DD311F-92D9-4C60-82AC-34A30E9B4CC5}.Release|Any CPU.Build.0 = Release|Any CPU
		{EB5B9179-5981-4232-9685-7EAA3889FCFF}.Debug|Any CPU.ActiveCfg = Debug|Any CPU
		{EB5B9179-5981-4232-9685-7EAA3889FCFF}.Debug|Any CPU.Build.0 = Debug|Any CPU
		{EB5B9179-5981-4232-9685-7EAA3889FCFF}.Release|Any CPU.ActiveCfg = Release|Any CPU
		{EB5B9179-5981-4232-9685-7EAA3889FCFF}.Release|Any CPU.Build.0 = Release|Any CPU
		{17167123-9ACE-4763-92D8-7E72A360B11A}.Debug|Any CPU.ActiveCfg = Debug|Any CPU
		{17167123-9ACE-4763-92D8-7E72A360B11A}.Debug|Any CPU.Build.0 = Debug|Any CPU
		{17167123-9ACE-4763-92D8-7E72A360B11A}.Release|Any CPU.ActiveCfg = Debug|Any CPU
		{17167123-9ACE-4763-92D8-7E72A360B11A}.Release|Any CPU.Build.0 = Debug|Any CPU
	EndGlobalSection
	GlobalSection(SolutionProperties) = preSolution
		HideSolutionNode = FALSE
	EndGlobalSection
EndGlobal
